
Microsoft Visual Studio Solution File, Format Version 12.00
# Visual Studio Version 17
VisualStudioVersion = 17.13.35825.156
MinimumVisualStudioVersion = 10.0.40219.1
Project("{FAE04EC0-301F-11D3-BF4B-00C04F79EFBC}") = "ProductsReview.Application", "ProductsReview.Application\ProductsReview.Application.csproj", "{4DF81178-095E-4F63-946A-3891A1F30EB7}"
EndProject
Project("{FAE04EC0-301F-11D3-BF4B-00C04F79EFBC}") = "ProductsReview.Domain", "ProductsReview.Domain\ProductsReview.Domain.csproj", "{F67D1658-5A5E-4995-A6E0-BB7F5DDF3FCB}"
EndProject
Project("{FAE04EC0-301F-11D3-BF4B-00C04F79EFBC}") = "ProductsReview.Infrastructure", "ProductsReview.Infrastructure\ProductsReview.Infrastructure.csproj", "{5BFE2D17-1DA0-401A-A47C-7BF146DB595B}"
EndProject
Project("{FAE04EC0-301F-11D3-BF4B-00C04F79EFBC}") = "ProductsReview.Api", "ProductsReview.Api\ProductsReview.Api.csproj", "{2267385F-236F-48B4-935D-EB49DE43E66E}"
EndProject
Project("{FAE04EC0-301F-11D3-BF4B-00C04F79EFBC}") = "ProductsReview.Domain.Tests", "ProductsReview.Domain.Tests\ProductsReview.Domain.Tests.csproj", "{A1B2C3D4-E5F6-4A5B-8C9D-0E1F2A3B4C5D}"
EndProject
Project("{FAE04EC0-301F-11D3-BF4B-00C04F79EFBC}") = "ProductsReview.Application.Tests", "ProductsReview.Application.Tests\ProductsReview.Application.Tests.csproj", "{B2C3D4E5-F6A7-4B5C-9D0E-1F2A3B4C5D6E}"
EndProject
Project("{FAE04EC0-301F-11D3-BF4B-00C04F79EFBC}") = "ProductsReview.Api.Tests", "ProductsReview.Api.Tests\ProductsReview.Api.Tests.csproj", "{C3D4E5F6-A7B8-4C5D-0E1F-2A3B4C5D6E7F}"
EndProject
Global
	GlobalSection(SolutionConfigurationPlatforms) = preSolution
		Debug|Any CPU = Debug|Any CPU
		Release|Any CPU = Release|Any CPU
	EndGlobalSection
	GlobalSection(ProjectConfigurationPlatforms) = postSolution
		{4DF81178-095E-4F63-946A-3891A1F30EB7}.Debug|Any CPU.ActiveCfg = Debug|Any CPU
		{4DF81178-095E-4F63-946A-3891A1F30EB7}.Debug|Any CPU.Build.0 = Debug|Any CPU
		{4DF81178-095E-4F63-946A-3891A1F30EB7}.Release|Any CPU.ActiveCfg = Release|Any CPU
		{4DF81178-095E-4F63-946A-3891A1F30EB7}.Release|Any CPU.Build.0 = Release|Any CPU
		{F67D1658-5A5E-4995-A6E0-BB7F5DDF3FCB}.Debug|Any CPU.ActiveCfg = Debug|Any CPU
		{F67D1658-5A5E-4995-A6E0-BB7F5DDF3FCB}.Debug|Any CPU.Build.0 = Debug|Any CPU
		{F67D1658-5A5E-4995-A6E0-BB7F5DDF3FCB}.Release|Any CPU.ActiveCfg = Release|Any CPU
		{F67D1658-5A5E-4995-A6E0-BB7F5DDF3FCB}.Release|Any CPU.Build.0 = Release|Any CPU
		{5BFE2D17-1DA0-401A-A47C-7BF146DB595B}.Debug|Any CPU.ActiveCfg = Debug|Any CPU
		{5BFE2D17-1DA0-401A-A47C-7BF146DB595B}.Debug|Any CPU.Build.0 = Debug|Any CPU
		{5BFE2D17-1DA0-401A-A47C-7BF146DB595B}.Release|Any CPU.ActiveCfg = Release|Any CPU
		{5BFE2D17-1DA0-401A-A47C-7BF146DB595B}.Release|Any CPU.Build.0 = Release|Any CPU
		{2267385F-236F-48B4-935D-EB49DE43E66E}.Debug|Any CPU.ActiveCfg = Debug|Any CPU
		{2267385F-236F-48B4-935D-EB49DE43E66E}.Debug|Any CPU.Build.0 = Debug|Any CPU
		{2267385F-236F-48B4-935D-EB49DE43E66E}.Release|Any CPU.ActiveCfg = Release|Any CPU
		{2267385F-236F-48B4-935D-EB49DE43E66E}.Release|Any CPU.Build.0 = Release|Any CPU
		{A1B2C3D4-E5F6-4A5B-8C9D-0E1F2A3B4C5D}.Debug|Any CPU.ActiveCfg = Debug|Any CPU
		{A1B2C3D4-E5F6-4A5B-8C9D-0E1F2A3B4C5D}.Debug|Any CPU.Build.0 = Debug|Any CPU
		{A1B2C3D4-E5F6-4A5B-8C9D-0E1F2A3B4C5D}.Release|Any CPU.ActiveCfg = Release|Any CPU
		{A1B2C3D4-E5F6-4A5B-8C9D-0E1F2A3B4C5D}.Release|Any CPU.Build.0 = Release|Any CPU
		{B2C3D4E5-F6A7-4B5C-9D0E-1F2A3B4C5D6E}.Debug|Any CPU.ActiveCfg = Debug|Any CPU
		{B2C3D4E5-F6A7-4B5C-9D0E-1F2A3B4C5D6E}.Debug|Any CPU.Build.0 = Debug|Any CPU
		{B2C3D4E5-F6A7-4B5C-9D0E-1F2A3B4C5D6E}.Release|Any CPU.ActiveCfg = Release|Any CPU
		{B2C3D4E5-F6A7-4B5C-9D0E-1F2A3B4C5D6E}.Release|Any CPU.Build.0 = Release|Any CPU
		{C3D4E5F6-A7B8-4C5D-0E1F-2A3B4C5D6E7F}.Debug|Any CPU.ActiveCfg = Debug|Any CPU
		{C3D4E5F6-A7B8-4C5D-0E1F-2A3B4C5D6E7F}.Debug|Any CPU.Build.0 = Debug|Any CPU
		{C3D4E5F6-A7B8-4C5D-0E1F-2A3B4C5D6E7F}.Release|Any CPU.ActiveCfg = Release|Any CPU
		{C3D4E5F6-A7B8-4C5D-0E1F-2A3B4C5D6E7F}.Release|Any CPU.Build.0 = Release|Any CPU
	EndGlobalSection
	GlobalSection(SolutionProperties) = preSolution
		HideSolutionNode = FALSE
	EndGlobalSection
	GlobalSection(ExtensibilityGlobals) = postSolution
		SolutionGuid = {EECD9419-805C-42F8-922F-04A7289F6538}
	EndGlobalSection
EndGlobal
